
Microsoft Visual Studio Solution File, Format Version 12.00
# Visual Studio Version 16
VisualStudioVersion = 16.0.31410.357
MinimumVisualStudioVersion = 10.0.40219.1
Project("{8BC9CEB8-8B4A-11D0-8D11-00A0C91BC942}") = "SingleResponsablity", "SingleResponsablity\SingleResponsablity.vcxproj", "{18D4D5BB-EC94-49A1-BDEA-C6949BB68063}"
EndProject
Project("{8BC9CEB8-8B4A-11D0-8D11-00A0C91BC942}") = "OpenClosedPrincple", "OpenClosedPrinciple\OpenClosedPrinciple.vcxproj", "{CE2AE552-E7A6-4484-BCD6-31364B95BA8F}"
EndProject
Project("{8BC9CEB8-8B4A-11D0-8D11-00A0C91BC942}") = "Liskov Substitution", "Liskov Substitution\Liskov Substitution.vcxproj", "{5DBE0508-FDBE-4DE4-A916-5D59B022E354}"
EndProject
Project("{8BC9CEB8-8B4A-11D0-8D11-00A0C91BC942}") = "Interface Segregation", "Interface Segregation\Interface Segregation.vcxproj", "{27BF1557-A195-4984-A25E-E95D7DCA4FF6}"
EndProject
Global
	GlobalSection(SolutionConfigurationPlatforms) = preSolution
		Debug|x64 = Debug|x64
		Debug|x86 = Debug|x86
		Release|x64 = Release|x64
		Release|x86 = Release|x86
	EndGlobalSection
	GlobalSection(ProjectConfigurationPlatforms) = postSolution
		{18D4D5BB-EC94-49A1-BDEA-C6949BB68063}.Debug|x64.ActiveCfg = Debug|x64
		{18D4D5BB-EC94-49A1-BDEA-C6949BB68063}.Debug|x64.Build.0 = Debug|x64
		{18D4D5BB-EC94-49A1-BDEA-C6949BB68063}.Debug|x86.ActiveCfg = Debug|Win32
		{18D4D5BB-EC94-49A1-BDEA-C6949BB68063}.Debug|x86.Build.0 = Debug|Win32
		{18D4D5BB-EC94-49A1-BDEA-C6949BB68063}.Release|x64.ActiveCfg = Release|x64
		{18D4D5BB-EC94-49A1-BDEA-C6949BB68063}.Release|x64.Build.0 = Release|x64
		{18D4D5BB-EC94-49A1-BDEA-C6949BB68063}.Release|x86.ActiveCfg = Release|Win32
		{18D4D5BB-EC94-49A1-BDEA-C6949BB68063}.Release|x86.Build.0 = Release|Win32
		{CE2AE552-E7A6-4484-BCD6-31364B95BA8F}.Debug|x64.ActiveCfg = Debug|x64
		{CE2AE552-E7A6-4484-BCD6-31364B95BA8F}.Debug|x64.Build.0 = Debug|x64
		{CE2AE552-E7A6-4484-BCD6-31364B95BA8F}.Debug|x86.ActiveCfg = Debug|Win32
		{CE2AE552-E7A6-4484-BCD6-31364B95BA8F}.Debug|x86.Build.0 = Debug|Win32
		{CE2AE552-E7A6-4484-BCD6-31364B95BA8F}.Release|x64.ActiveCfg = Release|x64
		{CE2AE552-E7A6-4484-BCD6-31364B95BA8F}.Release|x64.Build.0 = Release|x64
		{CE2AE552-E7A6-4484-BCD6-31364B95BA8F}.Release|x86.ActiveCfg = Release|Win32
		{CE2AE552-E7A6-4484-BCD6-31364B95BA8F}.Release|x86.Build.0 = Release|Win32
		{5DBE0508-FDBE-4DE4-A916-5D59B022E354}.Debug|x64.ActiveCfg = Debug|x64
		{5DBE0508-FDBE-4DE4-A916-5D59B022E354}.Debug|x64.Build.0 = Debug|x64
		{5DBE0508-FDBE-4DE4-A916-5D59B022E354}.Debug|x86.ActiveCfg = Debug|Win32
		{5DBE0508-FDBE-4DE4-A916-5D59B022E354}.Debug|x86.Build.0 = Debug|Win32
		{5DBE0508-FDBE-4DE4-A916-5D59B022E354}.Release|x64.ActiveCfg = Release|x64
		{5DBE0508-FDBE-4DE4-A916-5D59B022E354}.Release|x64.Build.0 = Release|x64
		{5DBE0508-FDBE-4DE4-A916-5D59B022E354}.Release|x86.ActiveCfg = Release|Win32
		{5DBE0508-FDBE-4DE4-A916-5D59B022E354}.Release|x86.Build.0 = Release|Win32
		{27BF1557-A195-4984-A25E-E95D7DCA4FF6}.Debug|x64.ActiveCfg = Debug|x64
		{27BF1557-A195-4984-A25E-E95D7DCA4FF6}.Debug|x64.Build.0 = Debug|x64
		{27BF1557-A195-4984-A25E-E95D7DCA4FF6}.Debug|x86.ActiveCfg = Debug|Win32
		{27BF1557-A195-4984-A25E-E95D7DCA4FF6}.Debug|x86.Build.0 = Debug|Win32
		{27BF1557-A195-4984-A25E-E95D7DCA4FF6}.Release|x64.ActiveCfg = Release|x64
		{27BF1557-A195-4984-A25E-E95D7DCA4FF6}.Release|x64.Build.0 = Release|x64
		{27BF1557-A195-4984-A25E-E95D7DCA4FF6}.Release|x86.ActiveCfg = Release|Win32
		{27BF1557-A195-4984-A25E-E95D7DCA4FF6}.Release|x86.Build.0 = Release|Win32
	EndGlobalSection
	GlobalSection(SolutionProperties) = preSolution
		HideSolutionNode = FALSE
	EndGlobalSection
	GlobalSection(ExtensibilityGlobals) = postSolution
		SolutionGuid = {DF5C647E-0B8E-4A7A-8149-46D4D9A4B846}
	EndGlobalSection
EndGlobal
